
Microsoft Visual Studio Solution File, Format Version 12.00
# Visual Studio Version 17
VisualStudioVersion = 17.0.31903.59
MinimumVisualStudioVersion = 10.0.40219.1
Project("{FAE04EC0-301F-11D3-BF4B-00C04F79EFBC}") = "Devantler.KubernetesProvisioner.Cluster.Core", "Devantler.KubernetesProvisioner.Cluster.Core\Devantler.KubernetesProvisioner.Cluster.Core.csproj", "{1DEA5841-4606-4354-A022-FBE64859C650}"
EndProject
Project("{FAE04EC0-301F-11D3-BF4B-00C04F79EFBC}") = "Devantler.KubernetesProvisioner.Cluster.K3d", "Devantler.KubernetesProvisioner.Cluster.K3d\Devantler.KubernetesProvisioner.Cluster.K3d.csproj", "{0A21298A-718F-444A-8E9E-D5C098C03667}"
EndProject
Project("{FAE04EC0-301F-11D3-BF4B-00C04F79EFBC}") = "Devantler.KubernetesProvisioner.Cluster.Kind", "Devantler.KubernetesProvisioner.Cluster.Kind\Devantler.KubernetesProvisioner.Cluster.Kind.csproj", "{359487E4-69C4-4810-AFFA-4EDF41C6D943}"
EndProject
Project("{FAE04EC0-301F-11D3-BF4B-00C04F79EFBC}") = "Devantler.KubernetesProvisioner.Cluster.K3d.Tests", "Devantler.KubernetesProvisioner.Cluster.K3d.Tests\Devantler.KubernetesProvisioner.Cluster.K3d.Tests.csproj", "{BFED5F6F-73F2-4DCB-99E6-C5CF000EA1D7}"
EndProject
Project("{FAE04EC0-301F-11D3-BF4B-00C04F79EFBC}") = "Devantler.KubernetesProvisioner.Cluster.Kind.Tests", "Devantler.KubernetesProvisioner.Cluster.Kind.Tests\Devantler.KubernetesProvisioner.Cluster.Kind.Tests.csproj", "{D61BE646-1573-45DE-95DC-53698B68377E}"
EndProject
Project("{FAE04EC0-301F-11D3-BF4B-00C04F79EFBC}") = "Devantler.KubernetesProvisioner.Resource.Native", "Devantler.KubernetesProvisioner.Resource.Native\Devantler.KubernetesProvisioner.Resource.Native.csproj", "{C8BDA408-0E9E-480D-B243-618E0E0579AE}"
EndProject
Project("{FAE04EC0-301F-11D3-BF4B-00C04F79EFBC}") = "Devantler.KubernetesProvisioner.Resource.Native.Tests", "Devantler.KubernetesProvisioner.Resource.Native.Tests\Devantler.KubernetesProvisioner.Resource.Native.Tests.csproj", "{0F5FB874-6689-4466-914B-BBA2E9EB9C26}"
EndProject
Global
	GlobalSection(SolutionConfigurationPlatforms) = preSolution
		Debug|Any CPU = Debug|Any CPU
		Release|Any CPU = Release|Any CPU
	EndGlobalSection
	GlobalSection(SolutionProperties) = preSolution
		HideSolutionNode = FALSE
	EndGlobalSection
	GlobalSection(ProjectConfigurationPlatforms) = postSolution
		{1DEA5841-4606-4354-A022-FBE64859C650}.Debug|Any CPU.ActiveCfg = Debug|Any CPU
		{1DEA5841-4606-4354-A022-FBE64859C650}.Debug|Any CPU.Build.0 = Debug|Any CPU
		{1DEA5841-4606-4354-A022-FBE64859C650}.Release|Any CPU.ActiveCfg = Release|Any CPU
		{1DEA5841-4606-4354-A022-FBE64859C650}.Release|Any CPU.Build.0 = Release|Any CPU
		{0A21298A-718F-444A-8E9E-D5C098C03667}.Debug|Any CPU.ActiveCfg = Debug|Any CPU
		{0A21298A-718F-444A-8E9E-D5C098C03667}.Debug|Any CPU.Build.0 = Debug|Any CPU
		{0A21298A-718F-444A-8E9E-D5C098C03667}.Release|Any CPU.ActiveCfg = Release|Any CPU
		{0A21298A-718F-444A-8E9E-D5C098C03667}.Release|Any CPU.Build.0 = Release|Any CPU
		{359487E4-69C4-4810-AFFA-4EDF41C6D943}.Debug|Any CPU.ActiveCfg = Debug|Any CPU
		{359487E4-69C4-4810-AFFA-4EDF41C6D943}.Debug|Any CPU.Build.0 = Debug|Any CPU
		{359487E4-69C4-4810-AFFA-4EDF41C6D943}.Release|Any CPU.ActiveCfg = Release|Any CPU
		{359487E4-69C4-4810-AFFA-4EDF41C6D943}.Release|Any CPU.Build.0 = Release|Any CPU
		{BFED5F6F-73F2-4DCB-99E6-C5CF000EA1D7}.Debug|Any CPU.ActiveCfg = Debug|Any CPU
		{BFED5F6F-73F2-4DCB-99E6-C5CF000EA1D7}.Debug|Any CPU.Build.0 = Debug|Any CPU
		{BFED5F6F-73F2-4DCB-99E6-C5CF000EA1D7}.Release|Any CPU.ActiveCfg = Release|Any CPU
		{BFED5F6F-73F2-4DCB-99E6-C5CF000EA1D7}.Release|Any CPU.Build.0 = Release|Any CPU
		{D61BE646-1573-45DE-95DC-53698B68377E}.Debug|Any CPU.ActiveCfg = Debug|Any CPU
		{D61BE646-1573-45DE-95DC-53698B68377E}.Debug|Any CPU.Build.0 = Debug|Any CPU
		{D61BE646-1573-45DE-95DC-53698B68377E}.Release|Any CPU.ActiveCfg = Release|Any CPU
		{D61BE646-1573-45DE-95DC-53698B68377E}.Release|Any CPU.Build.0 = Release|Any CPU
		{C8BDA408-0E9E-480D-B243-618E0E0579AE}.Debug|Any CPU.ActiveCfg = Debug|Any CPU
		{C8BDA408-0E9E-480D-B243-618E0E0579AE}.Debug|Any CPU.Build.0 = Debug|Any CPU
		{C8BDA408-0E9E-480D-B243-618E0E0579AE}.Release|Any CPU.ActiveCfg = Release|Any CPU
		{C8BDA408-0E9E-480D-B243-618E0E0579AE}.Release|Any CPU.Build.0 = Release|Any CPU
		{0F5FB874-6689-4466-914B-BBA2E9EB9C26}.Debug|Any CPU.ActiveCfg = Debug|Any CPU
		{0F5FB874-6689-4466-914B-BBA2E9EB9C26}.Debug|Any CPU.Build.0 = Debug|Any CPU
		{0F5FB874-6689-4466-914B-BBA2E9EB9C26}.Release|Any CPU.ActiveCfg = Release|Any CPU
		{0F5FB874-6689-4466-914B-BBA2E9EB9C26}.Release|Any CPU.Build.0 = Release|Any CPU
	EndGlobalSection
EndGlobal
