
Microsoft Visual Studio Solution File, Format Version 12.00
# Visual Studio Version 17
VisualStudioVersion = 17.0.31903.59
MinimumVisualStudioVersion = 10.0.40219.1
Project("{FAE04EC0-301F-11D3-BF4B-00C04F79EFBC}") = "Devantler.KubernetesProvisioner.Cluster.Core", "src\Devantler.KubernetesProvisioner.Cluster.Core\Devantler.KubernetesProvisioner.Cluster.Core.csproj", "{1DEA5841-4606-4354-A022-FBE64859C650}"
EndProject
Project("{FAE04EC0-301F-11D3-BF4B-00C04F79EFBC}") = "Devantler.KubernetesProvisioner.Cluster.K3d", "src\Devantler.KubernetesProvisioner.Cluster.K3d\Devantler.KubernetesProvisioner.Cluster.K3d.csproj", "{0A21298A-718F-444A-8E9E-D5C098C03667}"
EndProject
Project("{FAE04EC0-301F-11D3-BF4B-00C04F79EFBC}") = "Devantler.KubernetesProvisioner.Cluster.Kind", "src\Devantler.KubernetesProvisioner.Cluster.Kind\Devantler.KubernetesProvisioner.Cluster.Kind.csproj", "{359487E4-69C4-4810-AFFA-4EDF41C6D943}"
EndProject
Project("{FAE04EC0-301F-11D3-BF4B-00C04F79EFBC}") = "Devantler.KubernetesProvisioner.Cluster.K3d.Tests", "tests\Devantler.KubernetesProvisioner.Cluster.K3d.Tests\Devantler.KubernetesProvisioner.Cluster.K3d.Tests.csproj", "{BFED5F6F-73F2-4DCB-99E6-C5CF000EA1D7}"
EndProject
Project("{FAE04EC0-301F-11D3-BF4B-00C04F79EFBC}") = "Devantler.KubernetesProvisioner.Cluster.Kind.Tests", "tests\Devantler.KubernetesProvisioner.Cluster.Kind.Tests\Devantler.KubernetesProvisioner.Cluster.Kind.Tests.csproj", "{D61BE646-1573-45DE-95DC-53698B68377E}"
EndProject
Project("{FAE04EC0-301F-11D3-BF4B-00C04F79EFBC}") = "Devantler.KubernetesProvisioner.Resources.Native", "src\Devantler.KubernetesProvisioner.Resources.Native\Devantler.KubernetesProvisioner.Resources.Native.csproj", "{C8BDA408-0E9E-480D-B243-618E0E0579AE}"
EndProject
Project("{FAE04EC0-301F-11D3-BF4B-00C04F79EFBC}") = "Devantler.KubernetesProvisioner.Resources.Native.Tests", "tests\Devantler.KubernetesProvisioner.Resources.Native.Tests\Devantler.KubernetesProvisioner.Resources.Native.Tests.csproj", "{0F5FB874-6689-4466-914B-BBA2E9EB9C26}"
EndProject
Project("{FAE04EC0-301F-11D3-BF4B-00C04F79EFBC}") = "Devantler.KubernetesProvisioner.GitOps.Flux", "src\Devantler.KubernetesProvisioner.GitOps.Flux\Devantler.KubernetesProvisioner.GitOps.Flux.csproj", "{2AC5B5A3-B138-42B9-86A9-ECC9BA3E165A}"
EndProject
Project("{FAE04EC0-301F-11D3-BF4B-00C04F79EFBC}") = "Devantler.KubernetesProvisioner.GitOps.Core", "src\Devantler.KubernetesProvisioner.GitOps.Core\Devantler.KubernetesProvisioner.GitOps.Core.csproj", "{271CB43E-D09A-4448-A8DD-79BCE5798555}"
EndProject
Project("{FAE04EC0-301F-11D3-BF4B-00C04F79EFBC}") = "Devantler.KubernetesProvisioner.GitOps.Flux.Tests", "tests\Devantler.KubernetesProvisioner.GitOps.Flux.Tests\Devantler.KubernetesProvisioner.GitOps.Flux.Tests.csproj", "{4BF9F996-B03B-434A-B913-8406BEE3A5CE}"
EndProject
Project("{FAE04EC0-301F-11D3-BF4B-00C04F79EFBC}") = "Devantler.KubernetesProvisioner.GitOps.Core.Tests", "tests\Devantler.KubernetesProvisioner.GitOps.Core.Tests\Devantler.KubernetesProvisioner.GitOps.Core.Tests.csproj", "{4BDFE0A5-CA2E-4B56-8E8F-A97432A5EE7B}"
EndProject
Project("{FAE04EC0-301F-11D3-BF4B-00C04F79EFBC}") = "Devantler.KubernetesProvisioner.Cluster.Core.Tests", "tests\Devantler.KubernetesProvisioner.Cluster.Core.Tests\Devantler.KubernetesProvisioner.Cluster.Core.Tests.csproj", "{EB7E11AF-983F-444B-B847-8EBF3B8D948E}"
EndProject
Project("{2150E333-8FDC-42A3-9474-1A3956D46DE8}") = "src", "src", "{827E0CD3-B72D-47B6-A68D-7590B98EB39B}"
EndProject
Project("{FAE04EC0-301F-11D3-BF4B-00C04F79EFBC}") = "Devantler.KubernetesProvisioner.CNI.Core", "src\Devantler.KubernetesProvisioner.CNI.Core\Devantler.KubernetesProvisioner.CNI.Core.csproj", "{E4A0B082-7E58-47E1-A198-2A9CB10AF281}"
EndProject
Project("{FAE04EC0-301F-11D3-BF4B-00C04F79EFBC}") = "Devantler.KubernetesProvisioner.CNI.Cilium", "src\Devantler.KubernetesProvisioner.CNI.Cilium\Devantler.KubernetesProvisioner.CNI.Cilium.csproj", "{D58216E8-A370-4414-8F17-0D4AFEC68FFA}"
EndProject
Project("{2150E333-8FDC-42A3-9474-1A3956D46DE8}") = "tests", "tests", "{0AB3BF05-4346-4AA6-1389-037BE0695223}"
EndProject
Project("{FAE04EC0-301F-11D3-BF4B-00C04F79EFBC}") = "Devantler.KubernetesProvisioner.CNI.Core.Tests", "tests\Devantler.KubernetesProvisioner.CNI.Core.Tests\Devantler.KubernetesProvisioner.CNI.Core.Tests.csproj", "{DA0D709A-7A17-4FF6-AD3C-938B1B6C018C}"
EndProject
Project("{FAE04EC0-301F-11D3-BF4B-00C04F79EFBC}") = "Devantler.KubernetesProvisioner.CNI.Cilium.Tests", "tests\Devantler.KubernetesProvisioner.CNI.Cilium.Tests\Devantler.KubernetesProvisioner.CNI.Cilium.Tests.csproj", "{E5601730-8CDA-4EFE-98D5-82322590BC0E}"
EndProject
Global
	GlobalSection(SolutionConfigurationPlatforms) = preSolution
		Debug|Any CPU = Debug|Any CPU
		Debug|x64 = Debug|x64
		Debug|x86 = Debug|x86
		Release|Any CPU = Release|Any CPU
		Release|x64 = Release|x64
		Release|x86 = Release|x86
	EndGlobalSection
	GlobalSection(ProjectConfigurationPlatforms) = postSolution
		{1DEA5841-4606-4354-A022-FBE64859C650}.Debug|Any CPU.ActiveCfg = Debug|Any CPU
		{1DEA5841-4606-4354-A022-FBE64859C650}.Debug|Any CPU.Build.0 = Debug|Any CPU
		{1DEA5841-4606-4354-A022-FBE64859C650}.Debug|x64.ActiveCfg = Debug|Any CPU
		{1DEA5841-4606-4354-A022-FBE64859C650}.Debug|x64.Build.0 = Debug|Any CPU
		{1DEA5841-4606-4354-A022-FBE64859C650}.Debug|x86.ActiveCfg = Debug|Any CPU
		{1DEA5841-4606-4354-A022-FBE64859C650}.Debug|x86.Build.0 = Debug|Any CPU
		{1DEA5841-4606-4354-A022-FBE64859C650}.Release|Any CPU.ActiveCfg = Release|Any CPU
		{1DEA5841-4606-4354-A022-FBE64859C650}.Release|Any CPU.Build.0 = Release|Any CPU
		{1DEA5841-4606-4354-A022-FBE64859C650}.Release|x64.ActiveCfg = Release|Any CPU
		{1DEA5841-4606-4354-A022-FBE64859C650}.Release|x64.Build.0 = Release|Any CPU
		{1DEA5841-4606-4354-A022-FBE64859C650}.Release|x86.ActiveCfg = Release|Any CPU
		{1DEA5841-4606-4354-A022-FBE64859C650}.Release|x86.Build.0 = Release|Any CPU
		{0A21298A-718F-444A-8E9E-D5C098C03667}.Debug|Any CPU.ActiveCfg = Debug|Any CPU
		{0A21298A-718F-444A-8E9E-D5C098C03667}.Debug|Any CPU.Build.0 = Debug|Any CPU
		{0A21298A-718F-444A-8E9E-D5C098C03667}.Debug|x64.ActiveCfg = Debug|Any CPU
		{0A21298A-718F-444A-8E9E-D5C098C03667}.Debug|x64.Build.0 = Debug|Any CPU
		{0A21298A-718F-444A-8E9E-D5C098C03667}.Debug|x86.ActiveCfg = Debug|Any CPU
		{0A21298A-718F-444A-8E9E-D5C098C03667}.Debug|x86.Build.0 = Debug|Any CPU
		{0A21298A-718F-444A-8E9E-D5C098C03667}.Release|Any CPU.ActiveCfg = Release|Any CPU
		{0A21298A-718F-444A-8E9E-D5C098C03667}.Release|Any CPU.Build.0 = Release|Any CPU
		{0A21298A-718F-444A-8E9E-D5C098C03667}.Release|x64.ActiveCfg = Release|Any CPU
		{0A21298A-718F-444A-8E9E-D5C098C03667}.Release|x64.Build.0 = Release|Any CPU
		{0A21298A-718F-444A-8E9E-D5C098C03667}.Release|x86.ActiveCfg = Release|Any CPU
		{0A21298A-718F-444A-8E9E-D5C098C03667}.Release|x86.Build.0 = Release|Any CPU
		{359487E4-69C4-4810-AFFA-4EDF41C6D943}.Debug|Any CPU.ActiveCfg = Debug|Any CPU
		{359487E4-69C4-4810-AFFA-4EDF41C6D943}.Debug|Any CPU.Build.0 = Debug|Any CPU
		{359487E4-69C4-4810-AFFA-4EDF41C6D943}.Debug|x64.ActiveCfg = Debug|Any CPU
		{359487E4-69C4-4810-AFFA-4EDF41C6D943}.Debug|x64.Build.0 = Debug|Any CPU
		{359487E4-69C4-4810-AFFA-4EDF41C6D943}.Debug|x86.ActiveCfg = Debug|Any CPU
		{359487E4-69C4-4810-AFFA-4EDF41C6D943}.Debug|x86.Build.0 = Debug|Any CPU
		{359487E4-69C4-4810-AFFA-4EDF41C6D943}.Release|Any CPU.ActiveCfg = Release|Any CPU
		{359487E4-69C4-4810-AFFA-4EDF41C6D943}.Release|Any CPU.Build.0 = Release|Any CPU
		{359487E4-69C4-4810-AFFA-4EDF41C6D943}.Release|x64.ActiveCfg = Release|Any CPU
		{359487E4-69C4-4810-AFFA-4EDF41C6D943}.Release|x64.Build.0 = Release|Any CPU
		{359487E4-69C4-4810-AFFA-4EDF41C6D943}.Release|x86.ActiveCfg = Release|Any CPU
		{359487E4-69C4-4810-AFFA-4EDF41C6D943}.Release|x86.Build.0 = Release|Any CPU
		{BFED5F6F-73F2-4DCB-99E6-C5CF000EA1D7}.Debug|Any CPU.ActiveCfg = Debug|Any CPU
		{BFED5F6F-73F2-4DCB-99E6-C5CF000EA1D7}.Debug|Any CPU.Build.0 = Debug|Any CPU
		{BFED5F6F-73F2-4DCB-99E6-C5CF000EA1D7}.Debug|x64.ActiveCfg = Debug|Any CPU
		{BFED5F6F-73F2-4DCB-99E6-C5CF000EA1D7}.Debug|x64.Build.0 = Debug|Any CPU
		{BFED5F6F-73F2-4DCB-99E6-C5CF000EA1D7}.Debug|x86.ActiveCfg = Debug|Any CPU
		{BFED5F6F-73F2-4DCB-99E6-C5CF000EA1D7}.Debug|x86.Build.0 = Debug|Any CPU
		{BFED5F6F-73F2-4DCB-99E6-C5CF000EA1D7}.Release|Any CPU.ActiveCfg = Release|Any CPU
		{BFED5F6F-73F2-4DCB-99E6-C5CF000EA1D7}.Release|Any CPU.Build.0 = Release|Any CPU
		{BFED5F6F-73F2-4DCB-99E6-C5CF000EA1D7}.Release|x64.ActiveCfg = Release|Any CPU
		{BFED5F6F-73F2-4DCB-99E6-C5CF000EA1D7}.Release|x64.Build.0 = Release|Any CPU
		{BFED5F6F-73F2-4DCB-99E6-C5CF000EA1D7}.Release|x86.ActiveCfg = Release|Any CPU
		{BFED5F6F-73F2-4DCB-99E6-C5CF000EA1D7}.Release|x86.Build.0 = Release|Any CPU
		{D61BE646-1573-45DE-95DC-53698B68377E}.Debug|Any CPU.ActiveCfg = Debug|Any CPU
		{D61BE646-1573-45DE-95DC-53698B68377E}.Debug|Any CPU.Build.0 = Debug|Any CPU
		{D61BE646-1573-45DE-95DC-53698B68377E}.Debug|x64.ActiveCfg = Debug|Any CPU
		{D61BE646-1573-45DE-95DC-53698B68377E}.Debug|x64.Build.0 = Debug|Any CPU
		{D61BE646-1573-45DE-95DC-53698B68377E}.Debug|x86.ActiveCfg = Debug|Any CPU
		{D61BE646-1573-45DE-95DC-53698B68377E}.Debug|x86.Build.0 = Debug|Any CPU
		{D61BE646-1573-45DE-95DC-53698B68377E}.Release|Any CPU.ActiveCfg = Release|Any CPU
		{D61BE646-1573-45DE-95DC-53698B68377E}.Release|Any CPU.Build.0 = Release|Any CPU
		{D61BE646-1573-45DE-95DC-53698B68377E}.Release|x64.ActiveCfg = Release|Any CPU
		{D61BE646-1573-45DE-95DC-53698B68377E}.Release|x64.Build.0 = Release|Any CPU
		{D61BE646-1573-45DE-95DC-53698B68377E}.Release|x86.ActiveCfg = Release|Any CPU
		{D61BE646-1573-45DE-95DC-53698B68377E}.Release|x86.Build.0 = Release|Any CPU
		{C8BDA408-0E9E-480D-B243-618E0E0579AE}.Debug|Any CPU.ActiveCfg = Debug|Any CPU
		{C8BDA408-0E9E-480D-B243-618E0E0579AE}.Debug|Any CPU.Build.0 = Debug|Any CPU
		{C8BDA408-0E9E-480D-B243-618E0E0579AE}.Debug|x64.ActiveCfg = Debug|Any CPU
		{C8BDA408-0E9E-480D-B243-618E0E0579AE}.Debug|x64.Build.0 = Debug|Any CPU
		{C8BDA408-0E9E-480D-B243-618E0E0579AE}.Debug|x86.ActiveCfg = Debug|Any CPU
		{C8BDA408-0E9E-480D-B243-618E0E0579AE}.Debug|x86.Build.0 = Debug|Any CPU
		{C8BDA408-0E9E-480D-B243-618E0E0579AE}.Release|Any CPU.ActiveCfg = Release|Any CPU
		{C8BDA408-0E9E-480D-B243-618E0E0579AE}.Release|Any CPU.Build.0 = Release|Any CPU
		{C8BDA408-0E9E-480D-B243-618E0E0579AE}.Release|x64.ActiveCfg = Release|Any CPU
		{C8BDA408-0E9E-480D-B243-618E0E0579AE}.Release|x64.Build.0 = Release|Any CPU
		{C8BDA408-0E9E-480D-B243-618E0E0579AE}.Release|x86.ActiveCfg = Release|Any CPU
		{C8BDA408-0E9E-480D-B243-618E0E0579AE}.Release|x86.Build.0 = Release|Any CPU
		{0F5FB874-6689-4466-914B-BBA2E9EB9C26}.Debug|Any CPU.ActiveCfg = Debug|Any CPU
		{0F5FB874-6689-4466-914B-BBA2E9EB9C26}.Debug|Any CPU.Build.0 = Debug|Any CPU
		{0F5FB874-6689-4466-914B-BBA2E9EB9C26}.Debug|x64.ActiveCfg = Debug|Any CPU
		{0F5FB874-6689-4466-914B-BBA2E9EB9C26}.Debug|x64.Build.0 = Debug|Any CPU
		{0F5FB874-6689-4466-914B-BBA2E9EB9C26}.Debug|x86.ActiveCfg = Debug|Any CPU
		{0F5FB874-6689-4466-914B-BBA2E9EB9C26}.Debug|x86.Build.0 = Debug|Any CPU
		{0F5FB874-6689-4466-914B-BBA2E9EB9C26}.Release|Any CPU.ActiveCfg = Release|Any CPU
		{0F5FB874-6689-4466-914B-BBA2E9EB9C26}.Release|Any CPU.Build.0 = Release|Any CPU
		{0F5FB874-6689-4466-914B-BBA2E9EB9C26}.Release|x64.ActiveCfg = Release|Any CPU
		{0F5FB874-6689-4466-914B-BBA2E9EB9C26}.Release|x64.Build.0 = Release|Any CPU
		{0F5FB874-6689-4466-914B-BBA2E9EB9C26}.Release|x86.ActiveCfg = Release|Any CPU
		{0F5FB874-6689-4466-914B-BBA2E9EB9C26}.Release|x86.Build.0 = Release|Any CPU
		{2AC5B5A3-B138-42B9-86A9-ECC9BA3E165A}.Debug|Any CPU.ActiveCfg = Debug|Any CPU
		{2AC5B5A3-B138-42B9-86A9-ECC9BA3E165A}.Debug|Any CPU.Build.0 = Debug|Any CPU
		{2AC5B5A3-B138-42B9-86A9-ECC9BA3E165A}.Debug|x64.ActiveCfg = Debug|Any CPU
		{2AC5B5A3-B138-42B9-86A9-ECC9BA3E165A}.Debug|x64.Build.0 = Debug|Any CPU
		{2AC5B5A3-B138-42B9-86A9-ECC9BA3E165A}.Debug|x86.ActiveCfg = Debug|Any CPU
		{2AC5B5A3-B138-42B9-86A9-ECC9BA3E165A}.Debug|x86.Build.0 = Debug|Any CPU
		{2AC5B5A3-B138-42B9-86A9-ECC9BA3E165A}.Release|Any CPU.ActiveCfg = Release|Any CPU
		{2AC5B5A3-B138-42B9-86A9-ECC9BA3E165A}.Release|Any CPU.Build.0 = Release|Any CPU
		{2AC5B5A3-B138-42B9-86A9-ECC9BA3E165A}.Release|x64.ActiveCfg = Release|Any CPU
		{2AC5B5A3-B138-42B9-86A9-ECC9BA3E165A}.Release|x64.Build.0 = Release|Any CPU
		{2AC5B5A3-B138-42B9-86A9-ECC9BA3E165A}.Release|x86.ActiveCfg = Release|Any CPU
		{2AC5B5A3-B138-42B9-86A9-ECC9BA3E165A}.Release|x86.Build.0 = Release|Any CPU
		{271CB43E-D09A-4448-A8DD-79BCE5798555}.Debug|Any CPU.ActiveCfg = Debug|Any CPU
		{271CB43E-D09A-4448-A8DD-79BCE5798555}.Debug|Any CPU.Build.0 = Debug|Any CPU
		{271CB43E-D09A-4448-A8DD-79BCE5798555}.Debug|x64.ActiveCfg = Debug|Any CPU
		{271CB43E-D09A-4448-A8DD-79BCE5798555}.Debug|x64.Build.0 = Debug|Any CPU
		{271CB43E-D09A-4448-A8DD-79BCE5798555}.Debug|x86.ActiveCfg = Debug|Any CPU
		{271CB43E-D09A-4448-A8DD-79BCE5798555}.Debug|x86.Build.0 = Debug|Any CPU
		{271CB43E-D09A-4448-A8DD-79BCE5798555}.Release|Any CPU.ActiveCfg = Release|Any CPU
		{271CB43E-D09A-4448-A8DD-79BCE5798555}.Release|Any CPU.Build.0 = Release|Any CPU
		{271CB43E-D09A-4448-A8DD-79BCE5798555}.Release|x64.ActiveCfg = Release|Any CPU
		{271CB43E-D09A-4448-A8DD-79BCE5798555}.Release|x64.Build.0 = Release|Any CPU
		{271CB43E-D09A-4448-A8DD-79BCE5798555}.Release|x86.ActiveCfg = Release|Any CPU
		{271CB43E-D09A-4448-A8DD-79BCE5798555}.Release|x86.Build.0 = Release|Any CPU
		{4BF9F996-B03B-434A-B913-8406BEE3A5CE}.Debug|Any CPU.ActiveCfg = Debug|Any CPU
		{4BF9F996-B03B-434A-B913-8406BEE3A5CE}.Debug|Any CPU.Build.0 = Debug|Any CPU
		{4BF9F996-B03B-434A-B913-8406BEE3A5CE}.Debug|x64.ActiveCfg = Debug|Any CPU
		{4BF9F996-B03B-434A-B913-8406BEE3A5CE}.Debug|x64.Build.0 = Debug|Any CPU
		{4BF9F996-B03B-434A-B913-8406BEE3A5CE}.Debug|x86.ActiveCfg = Debug|Any CPU
		{4BF9F996-B03B-434A-B913-8406BEE3A5CE}.Debug|x86.Build.0 = Debug|Any CPU
		{4BF9F996-B03B-434A-B913-8406BEE3A5CE}.Release|Any CPU.ActiveCfg = Release|Any CPU
		{4BF9F996-B03B-434A-B913-8406BEE3A5CE}.Release|Any CPU.Build.0 = Release|Any CPU
		{4BF9F996-B03B-434A-B913-8406BEE3A5CE}.Release|x64.ActiveCfg = Release|Any CPU
		{4BF9F996-B03B-434A-B913-8406BEE3A5CE}.Release|x64.Build.0 = Release|Any CPU
		{4BF9F996-B03B-434A-B913-8406BEE3A5CE}.Release|x86.ActiveCfg = Release|Any CPU
		{4BF9F996-B03B-434A-B913-8406BEE3A5CE}.Release|x86.Build.0 = Release|Any CPU
		{4BDFE0A5-CA2E-4B56-8E8F-A97432A5EE7B}.Debug|Any CPU.ActiveCfg = Debug|Any CPU
		{4BDFE0A5-CA2E-4B56-8E8F-A97432A5EE7B}.Debug|Any CPU.Build.0 = Debug|Any CPU
		{4BDFE0A5-CA2E-4B56-8E8F-A97432A5EE7B}.Debug|x64.ActiveCfg = Debug|Any CPU
		{4BDFE0A5-CA2E-4B56-8E8F-A97432A5EE7B}.Debug|x64.Build.0 = Debug|Any CPU
		{4BDFE0A5-CA2E-4B56-8E8F-A97432A5EE7B}.Debug|x86.ActiveCfg = Debug|Any CPU
		{4BDFE0A5-CA2E-4B56-8E8F-A97432A5EE7B}.Debug|x86.Build.0 = Debug|Any CPU
		{4BDFE0A5-CA2E-4B56-8E8F-A97432A5EE7B}.Release|Any CPU.ActiveCfg = Release|Any CPU
		{4BDFE0A5-CA2E-4B56-8E8F-A97432A5EE7B}.Release|Any CPU.Build.0 = Release|Any CPU
		{4BDFE0A5-CA2E-4B56-8E8F-A97432A5EE7B}.Release|x64.ActiveCfg = Release|Any CPU
		{4BDFE0A5-CA2E-4B56-8E8F-A97432A5EE7B}.Release|x64.Build.0 = Release|Any CPU
		{4BDFE0A5-CA2E-4B56-8E8F-A97432A5EE7B}.Release|x86.ActiveCfg = Release|Any CPU
		{4BDFE0A5-CA2E-4B56-8E8F-A97432A5EE7B}.Release|x86.Build.0 = Release|Any CPU
		{EB7E11AF-983F-444B-B847-8EBF3B8D948E}.Debug|Any CPU.ActiveCfg = Debug|Any CPU
		{EB7E11AF-983F-444B-B847-8EBF3B8D948E}.Debug|Any CPU.Build.0 = Debug|Any CPU
		{EB7E11AF-983F-444B-B847-8EBF3B8D948E}.Debug|x64.ActiveCfg = Debug|Any CPU
		{EB7E11AF-983F-444B-B847-8EBF3B8D948E}.Debug|x64.Build.0 = Debug|Any CPU
		{EB7E11AF-983F-444B-B847-8EBF3B8D948E}.Debug|x86.ActiveCfg = Debug|Any CPU
		{EB7E11AF-983F-444B-B847-8EBF3B8D948E}.Debug|x86.Build.0 = Debug|Any CPU
		{EB7E11AF-983F-444B-B847-8EBF3B8D948E}.Release|Any CPU.ActiveCfg = Release|Any CPU
		{EB7E11AF-983F-444B-B847-8EBF3B8D948E}.Release|Any CPU.Build.0 = Release|Any CPU
		{EB7E11AF-983F-444B-B847-8EBF3B8D948E}.Release|x64.ActiveCfg = Release|Any CPU
		{EB7E11AF-983F-444B-B847-8EBF3B8D948E}.Release|x64.Build.0 = Release|Any CPU
		{EB7E11AF-983F-444B-B847-8EBF3B8D948E}.Release|x86.ActiveCfg = Release|Any CPU
		{EB7E11AF-983F-444B-B847-8EBF3B8D948E}.Release|x86.Build.0 = Release|Any CPU
		{E4A0B082-7E58-47E1-A198-2A9CB10AF281}.Debug|Any CPU.ActiveCfg = Debug|Any CPU
		{E4A0B082-7E58-47E1-A198-2A9CB10AF281}.Debug|Any CPU.Build.0 = Debug|Any CPU
		{E4A0B082-7E58-47E1-A198-2A9CB10AF281}.Debug|x64.ActiveCfg = Debug|Any CPU
		{E4A0B082-7E58-47E1-A198-2A9CB10AF281}.Debug|x64.Build.0 = Debug|Any CPU
		{E4A0B082-7E58-47E1-A198-2A9CB10AF281}.Debug|x86.ActiveCfg = Debug|Any CPU
		{E4A0B082-7E58-47E1-A198-2A9CB10AF281}.Debug|x86.Build.0 = Debug|Any CPU
		{E4A0B082-7E58-47E1-A198-2A9CB10AF281}.Release|Any CPU.ActiveCfg = Release|Any CPU
		{E4A0B082-7E58-47E1-A198-2A9CB10AF281}.Release|Any CPU.Build.0 = Release|Any CPU
		{E4A0B082-7E58-47E1-A198-2A9CB10AF281}.Release|x64.ActiveCfg = Release|Any CPU
		{E4A0B082-7E58-47E1-A198-2A9CB10AF281}.Release|x64.Build.0 = Release|Any CPU
		{E4A0B082-7E58-47E1-A198-2A9CB10AF281}.Release|x86.ActiveCfg = Release|Any CPU
		{E4A0B082-7E58-47E1-A198-2A9CB10AF281}.Release|x86.Build.0 = Release|Any CPU
		{D58216E8-A370-4414-8F17-0D4AFEC68FFA}.Debug|Any CPU.ActiveCfg = Debug|Any CPU
		{D58216E8-A370-4414-8F17-0D4AFEC68FFA}.Debug|Any CPU.Build.0 = Debug|Any CPU
		{D58216E8-A370-4414-8F17-0D4AFEC68FFA}.Debug|x64.ActiveCfg = Debug|Any CPU
		{D58216E8-A370-4414-8F17-0D4AFEC68FFA}.Debug|x64.Build.0 = Debug|Any CPU
		{D58216E8-A370-4414-8F17-0D4AFEC68FFA}.Debug|x86.ActiveCfg = Debug|Any CPU
		{D58216E8-A370-4414-8F17-0D4AFEC68FFA}.Debug|x86.Build.0 = Debug|Any CPU
		{D58216E8-A370-4414-8F17-0D4AFEC68FFA}.Release|Any CPU.ActiveCfg = Release|Any CPU
		{D58216E8-A370-4414-8F17-0D4AFEC68FFA}.Release|Any CPU.Build.0 = Release|Any CPU
		{D58216E8-A370-4414-8F17-0D4AFEC68FFA}.Release|x64.ActiveCfg = Release|Any CPU
		{D58216E8-A370-4414-8F17-0D4AFEC68FFA}.Release|x64.Build.0 = Release|Any CPU
		{D58216E8-A370-4414-8F17-0D4AFEC68FFA}.Release|x86.ActiveCfg = Release|Any CPU
		{D58216E8-A370-4414-8F17-0D4AFEC68FFA}.Release|x86.Build.0 = Release|Any CPU
		{DA0D709A-7A17-4FF6-AD3C-938B1B6C018C}.Debug|Any CPU.ActiveCfg = Debug|Any CPU
		{DA0D709A-7A17-4FF6-AD3C-938B1B6C018C}.Debug|Any CPU.Build.0 = Debug|Any CPU
		{DA0D709A-7A17-4FF6-AD3C-938B1B6C018C}.Debug|x64.ActiveCfg = Debug|Any CPU
		{DA0D709A-7A17-4FF6-AD3C-938B1B6C018C}.Debug|x64.Build.0 = Debug|Any CPU
		{DA0D709A-7A17-4FF6-AD3C-938B1B6C018C}.Debug|x86.ActiveCfg = Debug|Any CPU
		{DA0D709A-7A17-4FF6-AD3C-938B1B6C018C}.Debug|x86.Build.0 = Debug|Any CPU
		{DA0D709A-7A17-4FF6-AD3C-938B1B6C018C}.Release|Any CPU.ActiveCfg = Release|Any CPU
		{DA0D709A-7A17-4FF6-AD3C-938B1B6C018C}.Release|Any CPU.Build.0 = Release|Any CPU
		{DA0D709A-7A17-4FF6-AD3C-938B1B6C018C}.Release|x64.ActiveCfg = Release|Any CPU
		{DA0D709A-7A17-4FF6-AD3C-938B1B6C018C}.Release|x64.Build.0 = Release|Any CPU
		{DA0D709A-7A17-4FF6-AD3C-938B1B6C018C}.Release|x86.ActiveCfg = Release|Any CPU
		{DA0D709A-7A17-4FF6-AD3C-938B1B6C018C}.Release|x86.Build.0 = Release|Any CPU
		{E5601730-8CDA-4EFE-98D5-82322590BC0E}.Debug|Any CPU.ActiveCfg = Debug|Any CPU
		{E5601730-8CDA-4EFE-98D5-82322590BC0E}.Debug|Any CPU.Build.0 = Debug|Any CPU
		{E5601730-8CDA-4EFE-98D5-82322590BC0E}.Debug|x64.ActiveCfg = Debug|Any CPU
		{E5601730-8CDA-4EFE-98D5-82322590BC0E}.Debug|x64.Build.0 = Debug|Any CPU
		{E5601730-8CDA-4EFE-98D5-82322590BC0E}.Debug|x86.ActiveCfg = Debug|Any CPU
		{E5601730-8CDA-4EFE-98D5-82322590BC0E}.Debug|x86.Build.0 = Debug|Any CPU
		{E5601730-8CDA-4EFE-98D5-82322590BC0E}.Release|Any CPU.ActiveCfg = Release|Any CPU
		{E5601730-8CDA-4EFE-98D5-82322590BC0E}.Release|Any CPU.Build.0 = Release|Any CPU
		{E5601730-8CDA-4EFE-98D5-82322590BC0E}.Release|x64.ActiveCfg = Release|Any CPU
		{E5601730-8CDA-4EFE-98D5-82322590BC0E}.Release|x64.Build.0 = Release|Any CPU
		{E5601730-8CDA-4EFE-98D5-82322590BC0E}.Release|x86.ActiveCfg = Release|Any CPU
		{E5601730-8CDA-4EFE-98D5-82322590BC0E}.Release|x86.Build.0 = Release|Any CPU
	EndGlobalSection
	GlobalSection(SolutionProperties) = preSolution
		HideSolutionNode = FALSE
	EndGlobalSection
	GlobalSection(NestedProjects) = preSolution
		{E4A0B082-7E58-47E1-A198-2A9CB10AF281} = {827E0CD3-B72D-47B6-A68D-7590B98EB39B}
		{D58216E8-A370-4414-8F17-0D4AFEC68FFA} = {827E0CD3-B72D-47B6-A68D-7590B98EB39B}
		{DA0D709A-7A17-4FF6-AD3C-938B1B6C018C} = {0AB3BF05-4346-4AA6-1389-037BE0695223}
		{E5601730-8CDA-4EFE-98D5-82322590BC0E} = {0AB3BF05-4346-4AA6-1389-037BE0695223}
	EndGlobalSection
EndGlobal
